
Microsoft Visual Studio Solution File, Format Version 12.00
# Visual Studio 14
VisualStudioVersion = 14.0.25420.1
MinimumVisualStudioVersion = 10.0.40219.1
Project("{FAE04EC0-301F-11D3-BF4B-00C04F79EFBC}") = "ConsoleTestLinkDynamicsWsComptaPlus", "Projets\ConsoleTestLinkDynamicsWsComptaPlus\ConsoleTestLinkDynamicsWsComptaPlus.csproj", "{BEF93BFB-3868-4764-B70B-4D1D77C6E08E}"
EndProject
Project("{FAE04EC0-301F-11D3-BF4B-00C04F79EFBC}") = "LinkDynamicsWsComptaPlus", "Projets\LinkDynamicsWsComptaPlus\LinkDynamicsWsComptaPlus.csproj", "{5BDACDE3-5BD8-4608-AED6-9EA258558D08}"
EndProject
Project("{FAE04EC0-301F-11D3-BF4B-00C04F79EFBC}") = "SideClassWsComptaPlus", "Projets\SideClassWsComptaPlus\SideClassWsComptaPlus.csproj", "{D4AF3410-A7B3-4461-8F9A-F9D78EC216C3}"
EndProject
Project("{FAE04EC0-301F-11D3-BF4B-00C04F79EFBC}") = "SideWsComptaPlus", "Projets\SideWsComptaPlus\SideWsComptaPlus.csproj", "{22A372C2-DB3C-44DB-B0D0-8C153405D5CB}"
EndProject
Project("{FAE04EC0-301F-11D3-BF4B-00C04F79EFBC}") = "SimulateurErpWs", "Projets\SimulateurErpWs\SimulateurErpWs.csproj", "{EA8CAD15-17EB-480A-9E51-3D1C97D5CB11}"
EndProject
Project("{FAE04EC0-301F-11D3-BF4B-00C04F79EFBC}") = "WSComptaPlus", "Projets\WSComptaPlus\WSComptaPlus.csproj", "{4B16ACF5-F31D-49AD-BF73-F9CF840FB691}"
	ProjectSection(ProjectDependencies) = postProject
		{5BDACDE3-5BD8-4608-AED6-9EA258558D08} = {5BDACDE3-5BD8-4608-AED6-9EA258558D08}
	EndProjectSection
EndProject
Project("{2150E333-8FDC-42A3-9474-1A3956D46DE8}") = "ReferencedAssemblies", "ReferencedAssemblies", "{74882D0D-EFCD-4F1D-907A-6AC07E0984B9}"
	ProjectSection(SolutionItems) = preProject
		ReferencedAssemblies\DevExpress.Data.v18.1.dll = ReferencedAssemblies\DevExpress.Data.v18.1.dll
		ReferencedAssemblies\DevExpress.Xpo.v18.1.dll = ReferencedAssemblies\DevExpress.Xpo.v18.1.dll
		ReferencedAssemblies\DevExpress.Xpo.v18.1.Extensions.dll = ReferencedAssemblies\DevExpress.Xpo.v18.1.Extensions.dll
		ReferencedAssemblies\ERPDynamics.dll = ReferencedAssemblies\ERPDynamics.dll
		ReferencedAssemblies\ERPDynamicsOLD4.dll = ReferencedAssemblies\ERPDynamicsOLD4.dll
		ReferencedAssemblies\log4net.dll = ReferencedAssemblies\log4net.dll
		ReferencedAssemblies\log4net.xml = ReferencedAssemblies\log4net.xml
		ReferencedAssemblies\Microsoft.IdentityModel.Clients.ActiveDirectory.dll = ReferencedAssemblies\Microsoft.IdentityModel.Clients.ActiveDirectory.dll
		ReferencedAssemblies\Microsoft.IdentityModel.Clients.ActiveDirectory.Platform.dll = ReferencedAssemblies\Microsoft.IdentityModel.Clients.ActiveDirectory.Platform.dll
		ReferencedAssemblies\Microsoft.IdentityModel.Clients.ActiveDirectory.Platform.xml = ReferencedAssemblies\Microsoft.IdentityModel.Clients.ActiveDirectory.Platform.xml
		ReferencedAssemblies\Microsoft.IdentityModel.Clients.ActiveDirectory.xml = ReferencedAssemblies\Microsoft.IdentityModel.Clients.ActiveDirectory.xml
		ReferencedAssemblies\Microsoft.VisualStudio.TestPlatform.TestFramework.dll = ReferencedAssemblies\Microsoft.VisualStudio.TestPlatform.TestFramework.dll
		ReferencedAssemblies\Microsoft.VisualStudio.TestPlatform.TestFramework.Extensions.dll = ReferencedAssemblies\Microsoft.VisualStudio.TestPlatform.TestFramework.Extensions.dll
		ReferencedAssemblies\Newtonsoft.Json.dll = ReferencedAssemblies\Newtonsoft.Json.dll
		ReferencedAssemblies\Newtonsoft.Json.xml = ReferencedAssemblies\Newtonsoft.Json.xml
		ReferencedAssemblies\SideClassWsComptaPlus.dll = ReferencedAssemblies\SideClassWsComptaPlus.dll
		ReferencedAssemblies\SideFrameWork.dll = ReferencedAssemblies\SideFrameWork.dll
	EndProjectSection
EndProject
Global
	GlobalSection(SolutionConfigurationPlatforms) = preSolution
		Debug|Any CPU = Debug|Any CPU
		Release|Any CPU = Release|Any CPU
	EndGlobalSection
	GlobalSection(ProjectConfigurationPlatforms) = postSolution
		{BEF93BFB-3868-4764-B70B-4D1D77C6E08E}.Debug|Any CPU.ActiveCfg = Debug|Any CPU
		{BEF93BFB-3868-4764-B70B-4D1D77C6E08E}.Debug|Any CPU.Build.0 = Debug|Any CPU
		{BEF93BFB-3868-4764-B70B-4D1D77C6E08E}.Release|Any CPU.ActiveCfg = Release|Any CPU
		{BEF93BFB-3868-4764-B70B-4D1D77C6E08E}.Release|Any CPU.Build.0 = Release|Any CPU
		{5BDACDE3-5BD8-4608-AED6-9EA258558D08}.Debug|Any CPU.ActiveCfg = Debug|Any CPU
		{5BDACDE3-5BD8-4608-AED6-9EA258558D08}.Debug|Any CPU.Build.0 = Debug|Any CPU
		{5BDACDE3-5BD8-4608-AED6-9EA258558D08}.Release|Any CPU.ActiveCfg = Release|Any CPU
		{5BDACDE3-5BD8-4608-AED6-9EA258558D08}.Release|Any CPU.Build.0 = Release|Any CPU
		{D4AF3410-A7B3-4461-8F9A-F9D78EC216C3}.Debug|Any CPU.ActiveCfg = Debug|Any CPU
		{D4AF3410-A7B3-4461-8F9A-F9D78EC216C3}.Debug|Any CPU.Build.0 = Debug|Any CPU
		{D4AF3410-A7B3-4461-8F9A-F9D78EC216C3}.Release|Any CPU.ActiveCfg = Release|Any CPU
		{D4AF3410-A7B3-4461-8F9A-F9D78EC216C3}.Release|Any CPU.Build.0 = Release|Any CPU
		{22A372C2-DB3C-44DB-B0D0-8C153405D5CB}.Debug|Any CPU.ActiveCfg = Debug|Any CPU
		{22A372C2-DB3C-44DB-B0D0-8C153405D5CB}.Debug|Any CPU.Build.0 = Debug|Any CPU
		{22A372C2-DB3C-44DB-B0D0-8C153405D5CB}.Release|Any CPU.ActiveCfg = Release|Any CPU
		{22A372C2-DB3C-44DB-B0D0-8C153405D5CB}.Release|Any CPU.Build.0 = Release|Any CPU
		{EA8CAD15-17EB-480A-9E51-3D1C97D5CB11}.Debug|Any CPU.ActiveCfg = Debug|Any CPU
		{EA8CAD15-17EB-480A-9E51-3D1C97D5CB11}.Debug|Any CPU.Build.0 = Debug|Any CPU
		{EA8CAD15-17EB-480A-9E51-3D1C97D5CB11}.Release|Any CPU.ActiveCfg = Release|Any CPU
		{EA8CAD15-17EB-480A-9E51-3D1C97D5CB11}.Release|Any CPU.Build.0 = Release|Any CPU
		{4B16ACF5-F31D-49AD-BF73-F9CF840FB691}.Debug|Any CPU.ActiveCfg = Debug|Any CPU
		{4B16ACF5-F31D-49AD-BF73-F9CF840FB691}.Debug|Any CPU.Build.0 = Debug|Any CPU
		{4B16ACF5-F31D-49AD-BF73-F9CF840FB691}.Release|Any CPU.ActiveCfg = Release|Any CPU
		{4B16ACF5-F31D-49AD-BF73-F9CF840FB691}.Release|Any CPU.Build.0 = Release|Any CPU
	EndGlobalSection
	GlobalSection(SolutionProperties) = preSolution
		HideSolutionNode = FALSE
	EndGlobalSection
EndGlobal
